
Microsoft Visual Studio Solution File, Format Version 12.00
# Visual Studio Version 16
VisualStudioVersion = 16.0.34031.81
MinimumVisualStudioVersion = 10.0.40219.1
Project("{FAE04EC0-301F-11D3-BF4B-00C04F79EFBC}") = "PlanificacionPOA", "PlanificacionPOA.csproj", "{578D1267-E90F-408A-B6A4-D2626E7636A5}"
EndProject
Global
	GlobalSection(SolutionConfigurationPlatforms) = preSolution
		Debug|Any CPU = Debug|Any CPU
		Release|Any CPU = Release|Any CPU
	EndGlobalSection
	GlobalSection(ProjectConfigurationPlatforms) = postSolution
		{578D1267-E90F-408A-B6A4-D2626E7636A5}.Debug|Any CPU.ActiveCfg = Debug|Any CPU
		{578D1267-E90F-408A-B6A4-D2626E7636A5}.Debug|Any CPU.Build.0 = Debug|Any CPU
		{578D1267-E90F-408A-B6A4-D2626E7636A5}.Release|Any CPU.ActiveCfg = Release|Any CPU
		{578D1267-E90F-408A-B6A4-D2626E7636A5}.Release|Any CPU.Build.0 = Release|Any CPU
	EndGlobalSection
	GlobalSection(SolutionProperties) = preSolution
		HideSolutionNode = FALSE
	EndGlobalSection
	GlobalSection(ExtensibilityGlobals) = postSolution
		SolutionGuid = {016FF9C6-540C-4ADF-AC6D-EF058396DB4D}
	EndGlobalSection
EndGlobal
